
Microsoft Visual Studio Solution File, Format Version 12.00
Project("{2150E333-8FDC-42A3-9474-1A3956D46DE8}") = "Docs", "Docs", "{DE37F544-FA8B-493F-A3B5-7BEBF0694B77}"
	ProjectSection(SolutionItems) = preProject
		..\docs\index.md = ..\docs\index.md
	EndProjectSection
EndProject
Project("{2150E333-8FDC-42A3-9474-1A3956D46DE8}") = "Tests", "Tests", "{88FB952B-7FDB-441C-82F3-FB66883462BC}"
EndProject
Project("{2150E333-8FDC-42A3-9474-1A3956D46DE8}") = "Apps", "Apps", "{587703AB-50DD-4094-A9E9-B69C8FBC73BB}"
EndProject
Project("{2150E333-8FDC-42A3-9474-1A3956D46DE8}") = "Modules", "Modules", "{D698B085-1648-4F1D-A4BE-9BA504E60B2C}"
EndProject
Project("{FAE04EC0-301F-11D3-BF4B-00C04F79EFBC}") = "FenySoft.Qdb", "Modules\FenySoft.Qdb\FenySoft.Qdb.csproj", "{3D2DFB5F-0CB2-4DFE-986B-B014B9E59CC9}"
EndProject
Project("{FAE04EC0-301F-11D3-BF4B-00C04F79EFBC}") = "FenySoft.Qdb.Tests", "Tests\FenySoft.Qdb.Tests\FenySoft.Qdb.Tests.csproj", "{E9971DFE-0967-42D2-9C70-2BB53D887F25}"
EndProject
Project("{FAE04EC0-301F-11D3-BF4B-00C04F79EFBC}") = "FenySoft.Core", "..\..\FenySoft.Core\src\Modules\FenySoft.Core\FenySoft.Core.csproj", "{F86E4E8B-0EF4-4B64-9108-A69936480D31}"
EndProject
Project("{FAE04EC0-301F-11D3-BF4B-00C04F79EFBC}") = "FenySoft.Core.Test", "..\..\FenySoft.Core\src\Tests\FenySoft.Core.Test\FenySoft.Core.Test.csproj", "{DD26924F-8707-48ED-B36D-1C5C1E189C42}"
EndProject
Global
	GlobalSection(SolutionConfigurationPlatforms) = preSolution
		Debug|Any CPU = Debug|Any CPU
		Release|Any CPU = Release|Any CPU
	EndGlobalSection
	GlobalSection(ProjectConfigurationPlatforms) = postSolution
		{3D2DFB5F-0CB2-4DFE-986B-B014B9E59CC9}.Debug|Any CPU.ActiveCfg = Debug|Any CPU
		{3D2DFB5F-0CB2-4DFE-986B-B014B9E59CC9}.Debug|Any CPU.Build.0 = Debug|Any CPU
		{3D2DFB5F-0CB2-4DFE-986B-B014B9E59CC9}.Release|Any CPU.ActiveCfg = Release|Any CPU
		{3D2DFB5F-0CB2-4DFE-986B-B014B9E59CC9}.Release|Any CPU.Build.0 = Release|Any CPU
		{E9971DFE-0967-42D2-9C70-2BB53D887F25}.Debug|Any CPU.ActiveCfg = Debug|Any CPU
		{E9971DFE-0967-42D2-9C70-2BB53D887F25}.Debug|Any CPU.Build.0 = Debug|Any CPU
		{E9971DFE-0967-42D2-9C70-2BB53D887F25}.Release|Any CPU.ActiveCfg = Release|Any CPU
		{E9971DFE-0967-42D2-9C70-2BB53D887F25}.Release|Any CPU.Build.0 = Release|Any CPU
		{F86E4E8B-0EF4-4B64-9108-A69936480D31}.Debug|Any CPU.ActiveCfg = Debug|Any CPU
		{F86E4E8B-0EF4-4B64-9108-A69936480D31}.Debug|Any CPU.Build.0 = Debug|Any CPU
		{F86E4E8B-0EF4-4B64-9108-A69936480D31}.Release|Any CPU.ActiveCfg = Release|Any CPU
		{F86E4E8B-0EF4-4B64-9108-A69936480D31}.Release|Any CPU.Build.0 = Release|Any CPU
		{DD26924F-8707-48ED-B36D-1C5C1E189C42}.Debug|Any CPU.ActiveCfg = Debug|Any CPU
		{DD26924F-8707-48ED-B36D-1C5C1E189C42}.Debug|Any CPU.Build.0 = Debug|Any CPU
		{DD26924F-8707-48ED-B36D-1C5C1E189C42}.Release|Any CPU.ActiveCfg = Release|Any CPU
		{DD26924F-8707-48ED-B36D-1C5C1E189C42}.Release|Any CPU.Build.0 = Release|Any CPU
	EndGlobalSection
	GlobalSection(NestedProjects) = preSolution
		{3D2DFB5F-0CB2-4DFE-986B-B014B9E59CC9} = {D698B085-1648-4F1D-A4BE-9BA504E60B2C}
		{E9971DFE-0967-42D2-9C70-2BB53D887F25} = {88FB952B-7FDB-441C-82F3-FB66883462BC}
		{F86E4E8B-0EF4-4B64-9108-A69936480D31} = {D698B085-1648-4F1D-A4BE-9BA504E60B2C}
		{DD26924F-8707-48ED-B36D-1C5C1E189C42} = {88FB952B-7FDB-441C-82F3-FB66883462BC}
	EndGlobalSection
EndGlobal
